{
  "name": "moon",
  "lockfileVersion": 3,
  "requires": true,
  "packages": {
    "": {
      "devDependencies": {
        "@moonrepo/cli": "^1.19.3"
      }
    },
    "node_modules/@moonrepo/cli": {
      "version": "1.19.3",
      "resolved": "https://registry.npmjs.org/@moonrepo/cli/-/cli-1.19.3.tgz",
      "integrity": "sha512-K/i80oiE68c6zYVBDS8bLSMdrf7VvG1vn/sLNc/VUJIQ/cnl4xPa8MYQzgaOR4BGD/K8jfFklOY7BQXM4/G63g==",
      "dev": true,
      "hasInstallScript": true,
      "dependencies": {
        "detect-libc": "^2.0.2"
      },
      "bin": {
        "moon": "moon"
      },
      "optionalDependencies": {
        "@moonrepo/core-linux-arm64-gnu": "1.19.3",
        "@moonrepo/core-linux-arm64-musl": "1.19.3",
        "@moonrepo/core-linux-x64-gnu": "1.19.3",
        "@moonrepo/core-linux-x64-musl": "1.19.3",
        "@moonrepo/core-macos-arm64": "1.19.3",
        "@moonrepo/core-macos-x64": "1.19.3",
        "@moonrepo/core-windows-x64-msvc": "1.19.3"
      }
    },
    "node_modules/@moonrepo/core-linux-arm64-gnu": {
      "version": "1.19.3",
      "resolved": "https://registry.npmjs.org/@moonrepo/core-linux-arm64-gnu/-/core-linux-arm64-gnu-1.19.3.tgz",
      "integrity": "sha512-Gip7AtFQnlqL6uEvfKGEKiHfWwI7u3T6tXbfXc1vE1DdjHED15slO1yKZfj4qwFmVXwsF6zkDk7CMWLSgR6t9g==",
      "cpu": [
        "arm64"
      ],
      "dev": true,
      "optional": true,
      "os": [
        "linux"
      ]
    },
    "node_modules/@moonrepo/core-linux-arm64-musl": {
      "version": "1.19.3",
      "resolved": "https://registry.npmjs.org/@moonrepo/core-linux-arm64-musl/-/core-linux-arm64-musl-1.19.3.tgz",
      "integrity": "sha512-GdUxhdwzwv71t/agEvjPuGcAdmElxs26GlxK8PwT1yAvqT1cGmfE+fRMH7tlH3bYpWMEs0Ezv6QY1VtgFkLoxQ==",
      "cpu": [
        "arm64"
      ],
      "dev": true,
      "optional": true,
      "os": [
        "linux"
      ]
    },
    "node_modules/@moonrepo/core-linux-x64-gnu": {
      "version": "1.19.3",
      "resolved": "https://registry.npmjs.org/@moonrepo/core-linux-x64-gnu/-/core-linux-x64-gnu-1.19.3.tgz",
      "integrity": "sha512-YmL7hpVbq7rjRqY42PDnTbAnbZe0gLJo/ClaCiNwPdpEDCqqHSahBLigyoAbF5RnZ/J8zjN4TOdE5dtrFjF/jg==",
      "cpu": [
        "x64"
      ],
      "dev": true,
      "optional": true,
      "os": [
        "linux"
      ]
    },
    "node_modules/@moonrepo/core-linux-x64-musl": {
      "version": "1.19.3",
      "resolved": "https://registry.npmjs.org/@moonrepo/core-linux-x64-musl/-/core-linux-x64-musl-1.19.3.tgz",
      "integrity": "sha512-FptrjWciMA32UhpAtzEQEwcz722mZzjMTb4QDFvCa33QUix2661RX6f8VKlCknNhXikqAEN4sR0LA9jBZKr3oA==",
      "cpu": [
        "x64"
      ],
      "dev": true,
      "optional": true,
      "os": [
        "linux"
      ]
    },
    "node_modules/@moonrepo/core-macos-arm64": {
      "version": "1.19.3",
      "resolved": "https://registry.npmjs.org/@moonrepo/core-macos-arm64/-/core-macos-arm64-1.19.3.tgz",
      "integrity": "sha512-lgKh6v5NQqtPdQ8vpC5BKfs1pmFHjAUnM0CaX3XyV1Wbvqq2EmgpmcczjXcegTV5XI7w8wx4WthqIuF7UJ05gQ==",
      "cpu": [
        "arm64"
      ],
      "dev": true,
      "optional": true,
      "os": [
        "darwin"
      ]
    },
    "node_modules/@moonrepo/core-macos-x64": {
      "version": "1.19.3",
      "resolved": "https://registry.npmjs.org/@moonrepo/core-macos-x64/-/core-macos-x64-1.19.3.tgz",
      "integrity": "sha512-AFKHoO+daa+TZhXypmTB7bAxD4E31FQD5aUyDepvoD0ArWXwkBSO6EbVxlqfgym3WKX8WgBTmp9anvRWytpcDw==",
      "cpu": [
        "x64"
      ],
      "dev": true,
      "optional": true,
      "os": [
        "darwin"
      ]
    },
    "node_modules/@moonrepo/core-windows-x64-msvc": {
      "version": "1.19.3",
      "resolved": "https://registry.npmjs.org/@moonrepo/core-windows-x64-msvc/-/core-windows-x64-msvc-1.19.3.tgz",
      "integrity": "sha512-O7FYQ+XDq+Nts2jF9GINJa/jflzAnUjRCygdzQqIB15S6YG8PasXUCMofUQqhHxQjETIddzSra9lblgzfgxAuw==",
      "cpu": [
        "x64"
      ],
      "dev": true,
      "optional": true,
      "os": [
        "win32"
      ]
    },
    "node_modules/detect-libc": {
      "version": "2.0.2",
      "resolved": "https://registry.npmjs.org/detect-libc/-/detect-libc-2.0.2.tgz",
      "integrity": "sha512-UX6sGumvvqSaXgdKGUsgZWqcUyIXZ/vZTrlRT/iobiKhGL0zL4d3osHj3uqllWJK+i+sixDS/3COVEOFbupFyw==",
      "dev": true,
      "engines": {
        "node": ">=8"
      }
    }
  }
}
