{
  "name": "bit",
  "version": "1.0.0",
  "lockfileVersion": 3,
  "requires": true,
  "packages": {
    "": {
      "name": "bit",
      "version": "1.0.0",
      "license": "ISC",
      "dependencies": {
        "bit": "^1.0.20"
      }
    },
    "node_modules/bit": {
      "version": "1.0.20",
      "resolved": "https://registry.npmjs.org/bit/-/bit-1.0.20.tgz",
      "integrity": "sha512-c8oEAYOi8KjAdDmdkLTR669YNvv9f/FWpkx5noFgPMj2DnG4j+HbEN+HRblwUb9V3zDMbVAb8Jx19qrn+9EHvw==",
      "bin": {
        "bit": "bin/bit"
      },
      "engines": {
        "node": ">= 10.10.0"
      }
    }
  }
}
